Microsoft Visual Studio Solution File, Format Version 12.00
# Visual Studio Version 17
VisualStudioVersion = 17.9.34728.123
MinimumVisualStudioVersion = 10.0.40219.1
Project("{8BC9CEB8-8B4A-11D0-8D11-00A0C91BC942}") = "TD4_2", "TD4_2.vcxproj", "{8189685E-5A2B-4283-B253-BC244C6B25E9}"
EndProject
Project("{2150E333-8FDC-42A3-9474-1A3956D46DE8}") = "ソリューション項目", "ソリューション項目", "{37CE1D35-45ED-4957-85E8-F97A1361EE83}"
	ProjectSection(SolutionItems) = preProject
		.editorconfig = .editorconfig
	EndProjectSection
EndProject
Project("{8BC9CEB8-8B4A-11D0-8D11-00A0C91BC942}") = "DirectXTex", "externals\DirectXTex\DirectXTex_Desktop_2022_Win10.vcxproj", "{371B9FA9-4C90-4AC6-A123-ACED756D6C77}"
EndProject
Project("{2150E333-8FDC-42A3-9474-1A3956D46DE8}") = "externals", "externals", "{08BA25FA-69F3-4D27-A3E8-3C01C6F2EA0E}"
EndProject
Project("{8BC9CEB8-8B4A-11D0-8D11-00A0C91BC942}") = "imgui", "imgui\imgui.vcxproj", "{1ABC9565-808F-43A6-9ADA-46836A0E899F}"
EndProject
Global
	GlobalSection(SolutionConfigurationPlatforms) = preSolution
		Debug|x64 = Debug|x64
		Profile|x64 = Profile|x64
		Release|x64 = Release|x64
	EndGlobalSection
	GlobalSection(ProjectConfigurationPlatforms) = postSolution
		{8189685E-5A2B-4283-B253-BC244C6B25E9}.Debug|x64.ActiveCfg = Debug|x64
		{8189685E-5A2B-4283-B253-BC244C6B25E9}.Debug|x64.Build.0 = Debug|x64
		{8189685E-5A2B-4283-B253-BC244C6B25E9}.Profile|x64.ActiveCfg = Release|x64
		{8189685E-5A2B-4283-B253-BC244C6B25E9}.Profile|x64.Build.0 = Release|x64
		{8189685E-5A2B-4283-B253-BC244C6B25E9}.Release|x64.ActiveCfg = Release|x64
		{8189685E-5A2B-4283-B253-BC244C6B25E9}.Release|x64.Build.0 = Release|x64
		{371B9FA9-4C90-4AC6-A123-ACED756D6C77}.Debug|x64.ActiveCfg = Debug|x64
		{371B9FA9-4C90-4AC6-A123-ACED756D6C77}.Debug|x64.Build.0 = Debug|x64
		{371B9FA9-4C90-4AC6-A123-ACED756D6C77}.Profile|x64.ActiveCfg = Profile|x64
		{371B9FA9-4C90-4AC6-A123-ACED756D6C77}.Profile|x64.Build.0 = Profile|x64
		{371B9FA9-4C90-4AC6-A123-ACED756D6C77}.Release|x64.ActiveCfg = Release|x64
		{371B9FA9-4C90-4AC6-A123-ACED756D6C77}.Release|x64.Build.0 = Release|x64
		{1ABC9565-808F-43A6-9ADA-46836A0E899F}.Debug|x64.ActiveCfg = Debug|x64
		{1ABC9565-808F-43A6-9ADA-46836A0E899F}.Debug|x64.Build.0 = Debug|x64
		{1ABC9565-808F-43A6-9ADA-46836A0E899F}.Profile|x64.ActiveCfg = Debug|x64
		{1ABC9565-808F-43A6-9ADA-46836A0E899F}.Profile|x64.Build.0 = Debug|x64
		{1ABC9565-808F-43A6-9ADA-46836A0E899F}.Release|x64.ActiveCfg = Release|x64
		{1ABC9565-808F-43A6-9ADA-46836A0E899F}.Release|x64.Build.0 = Release|x64
	EndGlobalSection
	GlobalSection(SolutionProperties) = preSolution
		HideSolutionNode = FALSE
	EndGlobalSection
	GlobalSection(NestedProjects) = preSolution
		{371B9FA9-4C90-4AC6-A123-ACED756D6C77} = {08BA25FA-69F3-4D27-A3E8-3C01C6F2EA0E}
		{1ABC9565-808F-43A6-9ADA-46836A0E899F} = {08BA25FA-69F3-4D27-A3E8-3C01C6F2EA0E}
	EndGlobalSection
	GlobalSection(ExtensibilityGlobals) = postSolution
		SolutionGuid = {18CB78BA-1798-4EF0-AE8D-2570234ED694}
	EndGlobalSection
EndGlobal
