<?xml version="1.0" encoding="utf-8"?>
<Project ToolsVersion="4.0" xmlns="http://schemas.microsoft.com/developer/msbuild/2003">
  <ItemGroup>
    <FxCompile Include="Resources\shaders\line\Line.PS.hlsl">
      <Filter>Resources\shaders\line</Filter>
    </FxCompile>
    <FxCompile Include="Resources\shaders\line\Line.VS.hlsl">
      <Filter>Resources\shaders\line</Filter>
    </FxCompile>
    <FxCompile Include="Resources\shaders\object\Object3d.PS.hlsl">
      <Filter>Resources\shaders\object</Filter>
    </FxCompile>
    <FxCompile Include="Resources\shaders\object\Object3d.VS.hlsl">
      <Filter>Resources\shaders\object</Filter>
    </FxCompile>
    <FxCompile Include="Resources\shaders\object\Skinning.CS.hlsl">
      <Filter>Resources\shaders\object</Filter>
    </FxCompile>
    <FxCompile Include="Resources\shaders\object\Skybox.PS.hlsl">
      <Filter>Resources\shaders\object</Filter>
    </FxCompile>
    <FxCompile Include="Resources\shaders\object\Skybox.VS.hlsl">
      <Filter>Resources\shaders\object</Filter>
    </FxCompile>
    <FxCompile Include="Resources\shaders\particle\EmitParticle.CS.hlsl">
      <Filter>Resources\shaders\particle</Filter>
    </FxCompile>
    <FxCompile Include="Resources\shaders\particle\InitParticle.CS.hlsl">
      <Filter>Resources\shaders\particle</Filter>
    </FxCompile>
    <FxCompile Include="Resources\shaders\particle\Particle.PS.hlsl">
      <Filter>Resources\shaders\particle</Filter>
    </FxCompile>
    <FxCompile Include="Resources\shaders\particle\Particle.VS.hlsl">
      <Filter>Resources\shaders\particle</Filter>
    </FxCompile>
    <FxCompile Include="Resources\shaders\particle\UpdateParticle.CS.hlsl">
      <Filter>Resources\shaders\particle</Filter>
    </FxCompile>
    <FxCompile Include="Resources\shaders\postEffects\BoxFilter.PS.hlsl">
      <Filter>Resources\shaders\postEffects</Filter>
    </FxCompile>
    <FxCompile Include="Resources\shaders\postEffects\CopyImage.PS.hlsl">
      <Filter>Resources\shaders\postEffects</Filter>
    </FxCompile>
    <FxCompile Include="Resources\shaders\postEffects\CopyImage.VS.hlsl">
      <Filter>Resources\shaders\postEffects</Filter>
    </FxCompile>
    <FxCompile Include="Resources\shaders\postEffects\Dissolve.PS.hlsl">
      <Filter>Resources\shaders\postEffects</Filter>
    </FxCompile>
    <FxCompile Include="Resources\shaders\postEffects\GaussianFilter.PS.hlsl">
      <Filter>Resources\shaders\postEffects</Filter>
    </FxCompile>
    <FxCompile Include="Resources\shaders\postEffects\Grayscale.PS.hlsl">
      <Filter>Resources\shaders\postEffects</Filter>
    </FxCompile>
    <FxCompile Include="Resources\shaders\postEffects\HSVFilter.PS.hlsl">
      <Filter>Resources\shaders\postEffects</Filter>
    </FxCompile>
    <FxCompile Include="Resources\shaders\postEffects\LuminanceBasedOutline.PS.hlsl">
      <Filter>Resources\shaders\postEffects</Filter>
    </FxCompile>
    <FxCompile Include="Resources\shaders\postEffects\RadialBlur.PS.hlsl">
      <Filter>Resources\shaders\postEffects</Filter>
    </FxCompile>
    <FxCompile Include="Resources\shaders\postEffects\Random.PS.hlsl">
      <Filter>Resources\shaders\postEffects</Filter>
    </FxCompile>
    <FxCompile Include="Resources\shaders\postEffects\Vignette.PS.hlsl">
      <Filter>Resources\shaders\postEffects</Filter>
    </FxCompile>
    <FxCompile Include="Resources\shaders\sprite\Sprite.PS.hlsl">
      <Filter>Resources\shaders\sprite</Filter>
    </FxCompile>
    <FxCompile Include="Resources\shaders\sprite\Sprite.VS.hlsl">
      <Filter>Resources\shaders\sprite</Filter>
    </FxCompile>
    <FxCompile Include="Resources\shaders\trail\Trail.PS.hlsl">
      <Filter>Resources\shaders\trail</Filter>
    </FxCompile>
    <FxCompile Include="Resources\shaders\trail\Trail.VS.hlsl">
      <Filter>Resources\shaders\trail</Filter>
    </FxCompile>
    <FxCompile Include="Resources\shaders\particle\LocksmithParticle.CS.hlsl">
      <Filter>Resources\shaders\particle</Filter>
    </FxCompile>
    <FxCompile Include="Resources\shaders\textTexture\TextTexture.VS.hlsl">
      <Filter>Resources\shaders\textTexture</Filter>
    </FxCompile>
    <FxCompile Include="Resources\shaders\textTexture\TextTexture.PS.hlsl">
      <Filter>Resources\shaders\textTexture</Filter>
    </FxCompile>
  </ItemGroup>
  <ItemGroup>
    <ClCompile Include="engine\scenebase\AbstractSceneFactory.cpp">
      <Filter>engine\scenebase</Filter>
    </ClCompile>
    <ClCompile Include="engine\audio\Audio.cpp">
      <Filter>engine\audio</Filter>
    </ClCompile>
    <ClCompile Include="engine\audio\AudioCommon.cpp">
      <Filter>engine\audio</Filter>
    </ClCompile>
    <ClCompile Include="engine\scene\BaseScene.cpp">
      <Filter>engine\scene</Filter>
    </ClCompile>
    <ClCompile Include="application\object\environment\Ground.cpp">
      <Filter>application\object\environment</Filter>
    </ClCompile>
    <ClCompile Include="application\object\environment\Skydome.cpp">
      <Filter>application\object\environment</Filter>
    </ClCompile>
    <ClCompile Include="application\ui\message\MessageUI.cpp">
      <Filter>application\ui\message</Filter>
    </ClCompile>
    <ClCompile Include="engine\2d\ImGuiManager.cpp">
      <Filter>engine\2d</Filter>
    </ClCompile>
    <ClCompile Include="engine\2d\Sprite.cpp">
      <Filter>engine\2d</Filter>
    </ClCompile>
    <ClCompile Include="engine\2d\SpriteManager.cpp">
      <Filter>engine\2d</Filter>
    </ClCompile>
    <ClCompile Include="engine\input\Input.cpp">
      <Filter>engine\input</Filter>
    </ClCompile>
    <ClCompile Include="engine\math\MyMath.cpp">
      <Filter>engine\math</Filter>
    </ClCompile>
    <ClCompile Include="engine\scene\ParticleEditorScene.cpp">
      <Filter>engine\scene</Filter>
    </ClCompile>
    <ClCompile Include="engine\scenebase\SceneFactory.cpp">
      <Filter>engine\scenebase</Filter>
    </ClCompile>
    <ClCompile Include="engine\scenebase\SceneManager.cpp">
      <Filter>engine\scenebase</Filter>
    </ClCompile>
    <ClCompile Include="engine\scenebase\SceneTransitionAnimation.cpp">
      <Filter>engine\scenebase</Filter>
    </ClCompile>
    <ClCompile Include="engine\util\JsonUtil.cpp">
      <Filter>engine\util</Filter>
    </ClCompile>
    <ClCompile Include="engine\util\RandomStringUtil.cpp">
      <Filter>engine\util</Filter>
    </ClCompile>
    <ClCompile Include="engine\util\StringUtility.cpp">
      <Filter>engine\util</Filter>
    </ClCompile>
    <ClCompile Include="externals\imgui\imgui.cpp">
      <Filter>externals\imgui</Filter>
    </ClCompile>
    <ClCompile Include="externals\imgui\imgui_demo.cpp">
      <Filter>externals\imgui</Filter>
    </ClCompile>
    <ClCompile Include="externals\imgui\imgui_draw.cpp">
      <Filter>externals\imgui</Filter>
    </ClCompile>
    <ClCompile Include="externals\imgui\imgui_impl_dx12.cpp">
      <Filter>externals\imgui</Filter>
    </ClCompile>
    <ClCompile Include="externals\imgui\imgui_impl_win32.cpp">
      <Filter>externals\imgui</Filter>
    </ClCompile>
    <ClCompile Include="externals\imgui\imgui_tables.cpp">
      <Filter>externals\imgui</Filter>
    </ClCompile>
    <ClCompile Include="externals\imgui\imgui_widgets.cpp">
      <Filter>externals\imgui</Filter>
    </ClCompile>
    <ClCompile Include="engine\blackBoard\BlackBoard.cpp">
      <Filter>engine\blackBoard</Filter>
    </ClCompile>
    <ClCompile Include="engine\behaviorTree\interface\INode.cpp">
      <Filter>engine\behaviorTree\interface</Filter>
    </ClCompile>
    <ClCompile Include="engine\behaviorTree\compositeNode\Selector.cpp">
      <Filter>engine\behaviorTree\compositeNode</Filter>
    </ClCompile>
    <ClCompile Include="engine\behaviorTree\compositeNode\Sequence.cpp">
      <Filter>engine\behaviorTree\compositeNode</Filter>
    </ClCompile>
    <ClCompile Include="engine\behaviorTree\leafNode\LeafNodeBase.cpp">
      <Filter>engine\behaviorTree\leafNode</Filter>
    </ClCompile>
    <ClCompile Include="engine\behaviorTree\decoratorNode\DecoratorNodeBase.cpp">
      <Filter>engine\behaviorTree\decoratorNode</Filter>
    </ClCompile>
    <ClCompile Include="engine\behaviorTree\compositeNode\CompositeNodeBase.cpp">
      <Filter>engine\behaviorTree\compositeNode</Filter>
    </ClCompile>
    <ClCompile Include="engine\behaviorTree\branchNode\BranchNodeBase.cpp">
      <Filter>engine\behaviorTree\branchNode</Filter>
    </ClCompile>
    <ClCompile Include="engine\behaviorTree\nodeBase\NodeBase.cpp">
      <Filter>engine\behaviorTree\nodeBase</Filter>
    </ClCompile>
    <ClCompile Include="engine\3d\worldTransform\WorldTransform.cpp">
      <Filter>engine\3d\worldTransform</Filter>
    </ClCompile>
    <ClCompile Include="engine\3d\camera\BaseCamera.cpp">
      <Filter>engine\3d\camera</Filter>
    </ClCompile>
    <ClCompile Include="engine\3d\camera\GameCamera.cpp">
      <Filter>engine\3d\camera</Filter>
    </ClCompile>
    <ClCompile Include="engine\3d\camera\DevelopCamera.cpp">
      <Filter>engine\3d\camera</Filter>
    </ClCompile>
    <ClCompile Include="engine\3d\direction\BulletTrail.cpp">
      <Filter>engine\3d\direction</Filter>
    </ClCompile>
    <ClCompile Include="engine\3d\direction\BulletTrailManager.cpp">
      <Filter>engine\3d\direction</Filter>
    </ClCompile>
    <ClCompile Include="engine\3d\light\DirectionalLight.cpp">
      <Filter>engine\3d\light</Filter>
    </ClCompile>
    <ClCompile Include="engine\3d\light\PointLight.cpp">
      <Filter>engine\3d\light</Filter>
    </ClCompile>
    <ClCompile Include="engine\3d\light\SpotLight.cpp">
      <Filter>engine\3d\light</Filter>
    </ClCompile>
    <ClCompile Include="engine\3d\light\SceneLight.cpp">
      <Filter>engine\3d\light</Filter>
    </ClCompile>
    <ClCompile Include="engine\3d\line\LineManager.cpp">
      <Filter>engine\3d\line</Filter>
    </ClCompile>
    <ClCompile Include="engine\3d\particle\CombinedParticle.cpp">
      <Filter>engine\3d\particle</Filter>
    </ClCompile>
    <ClCompile Include="engine\3d\particle\CombinedParticleManager.cpp">
      <Filter>engine\3d\particle</Filter>
    </ClCompile>
    <ClCompile Include="engine\3d\particle\Particle.cpp">
      <Filter>engine\3d\particle</Filter>
    </ClCompile>
    <ClCompile Include="engine\3d\particle\ParticleManager.cpp">
      <Filter>engine\3d\particle</Filter>
    </ClCompile>
    <ClCompile Include="engine\3d\object\AnimationModel.cpp">
      <Filter>engine\3d\object</Filter>
    </ClCompile>
    <ClCompile Include="engine\3d\object\Model.cpp">
      <Filter>engine\3d\object</Filter>
    </ClCompile>
    <ClCompile Include="engine\3d\object\ModelManager.cpp">
      <Filter>engine\3d\object</Filter>
    </ClCompile>
    <ClCompile Include="engine\3d\object\Object3d.cpp">
      <Filter>engine\3d\object</Filter>
    </ClCompile>
    <ClCompile Include="engine\3d\object\Object3dManager.cpp">
      <Filter>engine\3d\object</Filter>
    </ClCompile>
    <ClCompile Include="engine\3d\object\Shape.cpp">
      <Filter>engine\3d\object</Filter>
    </ClCompile>
    <ClCompile Include="engine\base\directx\D3DResourceLeakChecker.cpp">
      <Filter>engine\base\directx</Filter>
    </ClCompile>
    <ClCompile Include="engine\base\directx\DirectXCommon.cpp">
      <Filter>engine\base\directx</Filter>
    </ClCompile>
    <ClCompile Include="engine\base\framework\Framework.cpp">
      <Filter>engine\base\framework</Filter>
    </ClCompile>
    <ClCompile Include="engine\base\logger\Logger.cpp">
      <Filter>engine\base\logger</Filter>
    </ClCompile>
    <ClCompile Include="engine\base\myGame\MyGame.cpp">
      <Filter>engine\base\myGame</Filter>
    </ClCompile>
    <ClCompile Include="engine\base\windows\WinApp.cpp">
      <Filter>engine\base\windows</Filter>
    </ClCompile>
    <ClCompile Include="engine\base\view\DSVManager.cpp">
      <Filter>engine\base\view</Filter>
    </ClCompile>
    <ClCompile Include="engine\base\view\GPUDescriptorManager.cpp">
      <Filter>engine\base\view</Filter>
    </ClCompile>
    <ClCompile Include="engine\base\view\RTVManager.cpp">
      <Filter>engine\base\view</Filter>
    </ClCompile>
    <ClCompile Include="engine\base\texture\TextTextureManager.cpp">
      <Filter>engine\base\texture</Filter>
    </ClCompile>
    <ClCompile Include="engine\base\texture\TextTextureRender.cpp">
      <Filter>engine\base\texture</Filter>
    </ClCompile>
    <ClCompile Include="engine\base\texture\TextureManager.cpp">
      <Filter>engine\base\texture</Filter>
    </ClCompile>
    <ClCompile Include="engine\base\render\D2DRender.cpp">
      <Filter>engine\base\render</Filter>
    </ClCompile>
    <ClCompile Include="engine\base\render\MainRender.cpp">
      <Filter>engine\base\render</Filter>
    </ClCompile>
    <ClCompile Include="engine\base\postEffect\PostEffectManager.cpp">
      <Filter>engine\base\postEffect</Filter>
    </ClCompile>
    <ClCompile Include="engine\collision\interface\ICollider.cpp">
      <Filter>engine\collision\interface</Filter>
    </ClCompile>
    <ClCompile Include="engine\collision\manager\CollisionManager.cpp">
      <Filter>engine\collision\manager</Filter>
    </ClCompile>
    <ClCompile Include="engine\collision\base\AABBColliderBase.cpp">
      <Filter>engine\collision\base</Filter>
    </ClCompile>
    <ClCompile Include="engine\collision\base\SphereColliderBase.cpp">
      <Filter>engine\collision\base</Filter>
    </ClCompile>
    <ClCompile Include="engine\collision\base\OBBColliderBase.cpp">
      <Filter>engine\collision\base</Filter>
    </ClCompile>
    <ClCompile Include="application\object\level\collision\LevelObjectCollider.cpp">
      <Filter>application\object\level\collision</Filter>
    </ClCompile>
    <ClCompile Include="application\object\level\loader\LevelLoader.cpp">
      <Filter>application\object\level\loader</Filter>
    </ClCompile>
    <ClCompile Include="application\object\level\base\IBaseLevelObject.cpp">
      <Filter>application\object\level\base</Filter>
    </ClCompile>
    <ClCompile Include="application\system\direction\builder\CinematicBuilder.cpp">
      <Filter>application\system\direction\builder</Filter>
    </ClCompile>
    <ClCompile Include="application\system\direction\cinematic\Cinematic.cpp">
      <Filter>application\system\direction\cinematic</Filter>
    </ClCompile>
    <ClCompile Include="application\system\direction\shot\base\IShotBase.cpp">
      <Filter>application\system\direction\shot\base</Filter>
    </ClCompile>
    <ClCompile Include="engine\behaviorTree\decoratorNode\Inverter.cpp">
      <Filter>engine\behaviorTree\decoratorNode</Filter>
    </ClCompile>
    <ClCompile Include="engine\base\main.cpp">
      <Filter>engine</Filter>
    </ClCompile>
    <ClCompile Include="engine\scene\SampleScene.cpp" />
  </ItemGroup>
  <ItemGroup>
    <ClInclude Include="engine\scenebase\AbstractSceneFactory.h">
      <Filter>engine\scenebase</Filter>
    </ClInclude>
    <ClInclude Include="engine\audio\Audio.h">
      <Filter>engine\audio</Filter>
    </ClInclude>
    <ClInclude Include="engine\audio\AudioCommon.h">
      <Filter>engine\audio</Filter>
    </ClInclude>
    <ClInclude Include="engine\scene\BaseScene.h">
      <Filter>engine\scene</Filter>
    </ClInclude>
    <ClInclude Include="application\object\environment\Ground.h">
      <Filter>application\object\environment</Filter>
    </ClInclude>
    <ClInclude Include="application\object\environment\Skydome.h">
      <Filter>application\object\environment</Filter>
    </ClInclude>
    <ClInclude Include="application\ui\message\MessageUI.h">
      <Filter>application\ui\message</Filter>
    </ClInclude>
    <ClInclude Include="engine\2d\ImGuiManager.h">
      <Filter>engine\2d</Filter>
    </ClInclude>
    <ClInclude Include="engine\2d\Sprite.h">
      <Filter>engine\2d</Filter>
    </ClInclude>
    <ClInclude Include="engine\2d\SpriteManager.h">
      <Filter>engine\2d</Filter>
    </ClInclude>
    <ClInclude Include="externals\imgui\imstb_rectpack.h">
      <Filter>externals\imgui</Filter>
    </ClInclude>
    <ClInclude Include="engine\input\Input.h">
      <Filter>engine\input</Filter>
    </ClInclude>
    <ClInclude Include="engine\math\BlendMode.h">
      <Filter>engine\math</Filter>
    </ClInclude>
    <ClInclude Include="engine\math\Matrix3x3.h">
      <Filter>engine\math</Filter>
    </ClInclude>
    <ClInclude Include="engine\math\Matrix4x4.h">
      <Filter>engine\math</Filter>
    </ClInclude>
    <ClInclude Include="engine\math\MyMath.h">
      <Filter>engine\math</Filter>
    </ClInclude>
    <ClInclude Include="engine\math\Quaternion.h">
      <Filter>engine\math</Filter>
    </ClInclude>
    <ClInclude Include="engine\math\Vector2.h">
      <Filter>engine\math</Filter>
    </ClInclude>
    <ClInclude Include="engine\math\Vector3.h">
      <Filter>engine\math</Filter>
    </ClInclude>
    <ClInclude Include="engine\math\Vector4.h">
      <Filter>engine\math</Filter>
    </ClInclude>
    <ClInclude Include="engine\scene\ParticleEditorScene.h">
      <Filter>engine\scene</Filter>
    </ClInclude>
    <ClInclude Include="engine\scenebase\SceneFactory.h">
      <Filter>engine\scenebase</Filter>
    </ClInclude>
    <ClInclude Include="engine\scenebase\SceneManager.h">
      <Filter>engine\scenebase</Filter>
    </ClInclude>
    <ClInclude Include="engine\scenebase\SceneTransitionAnimation.h">
      <Filter>engine\scenebase</Filter>
    </ClInclude>
    <ClInclude Include="engine\util\Handle.h">
      <Filter>engine\util</Filter>
    </ClInclude>
    <ClInclude Include="engine\util\JsonUtil.h">
      <Filter>engine\util</Filter>
    </ClInclude>
    <ClInclude Include="engine\util\RandomStringUtil.h">
      <Filter>engine\util</Filter>
    </ClInclude>
    <ClInclude Include="engine\util\StringUtility.h">
      <Filter>engine\util</Filter>
    </ClInclude>
    <ClInclude Include="externals\imgui\imgui.h">
      <Filter>externals\imgui</Filter>
    </ClInclude>
    <ClInclude Include="externals\imgui\imgui_impl_dx12.h">
      <Filter>externals\imgui</Filter>
    </ClInclude>
    <ClInclude Include="externals\imgui\imgui_impl_win32.h">
      <Filter>externals\imgui</Filter>
    </ClInclude>
    <ClInclude Include="externals\imgui\imgui_internal.h">
      <Filter>externals\imgui</Filter>
    </ClInclude>
    <ClInclude Include="externals\imgui\imstb_textedit.h">
      <Filter>externals\imgui</Filter>
    </ClInclude>
    <ClInclude Include="externals\imgui\imstb_truetype.h">
      <Filter>externals\imgui</Filter>
    </ClInclude>
    <ClInclude Include="externals\imgui\imconfig.h">
      <Filter>externals\imgui</Filter>
    </ClInclude>
    <ClInclude Include="engine\collision\CollisionConfig.h">
      <Filter>engine\collision</Filter>
    </ClInclude>
    <ClInclude Include="engine\collision\CollisionConfig.h">
      <Filter>engine\collision</Filter>
    </ClInclude>
    <ClInclude Include="engine\blackBoard\BlackBoard.h">
      <Filter>engine\blackBoard</Filter>
    </ClInclude>
    <ClInclude Include="engine\behaviorTree\interface\INode.h">
      <Filter>engine\behaviorTree\interface</Filter>
    </ClInclude>
    <ClInclude Include="engine\behaviorTree\compositeNode\Selector.h">
      <Filter>engine\behaviorTree\compositeNode</Filter>
    </ClInclude>
    <ClInclude Include="engine\behaviorTree\compositeNode\Sequence.h">
      <Filter>engine\behaviorTree\compositeNode</Filter>
    </ClInclude>
    <ClInclude Include="engine\behaviorTree\leafNode\LeafNodeBase.h">
      <Filter>engine\behaviorTree\leafNode</Filter>
    </ClInclude>
    <ClInclude Include="engine\behaviorTree\decoratorNode\DecoratorNodeBase.h">
      <Filter>engine\behaviorTree\decoratorNode</Filter>
    </ClInclude>
    <ClInclude Include="engine\behaviorTree\compositeNode\CompositeNodeBase.h">
      <Filter>engine\behaviorTree\compositeNode</Filter>
    </ClInclude>
    <ClInclude Include="engine\behaviorTree\branchNode\BranchNodeBase.h">
      <Filter>engine\behaviorTree\branchNode</Filter>
    </ClInclude>
    <ClInclude Include="engine\behaviorTree\nodeBase\NodeBase.h">
      <Filter>engine\behaviorTree\nodeBase</Filter>
    </ClInclude>
    <ClInclude Include="engine\3d\worldTransform\WorldTransform.h">
      <Filter>engine\3d\worldTransform</Filter>
    </ClInclude>
    <ClInclude Include="engine\3d\camera\BaseCamera.h">
      <Filter>engine\3d\camera</Filter>
    </ClInclude>
    <ClInclude Include="engine\3d\camera\GameCamera.h">
      <Filter>engine\3d\camera</Filter>
    </ClInclude>
    <ClInclude Include="engine\3d\camera\DevelopCamera.h">
      <Filter>engine\3d\camera</Filter>
    </ClInclude>
    <ClInclude Include="engine\3d\direction\BulletTrail.h">
      <Filter>engine\3d\direction</Filter>
    </ClInclude>
    <ClInclude Include="engine\3d\direction\BulletTrailManager.h">
      <Filter>engine\3d\direction</Filter>
    </ClInclude>
    <ClInclude Include="engine\3d\light\DirectionalLight.h">
      <Filter>engine\3d\light</Filter>
    </ClInclude>
    <ClInclude Include="engine\3d\light\PointLight.h">
      <Filter>engine\3d\light</Filter>
    </ClInclude>
    <ClInclude Include="engine\3d\light\SpotLight.h">
      <Filter>engine\3d\light</Filter>
    </ClInclude>
    <ClInclude Include="engine\3d\light\SceneLight.h">
      <Filter>engine\3d\light</Filter>
    </ClInclude>
    <ClInclude Include="engine\3d\line\LineManager.h">
      <Filter>engine\3d\line</Filter>
    </ClInclude>
    <ClInclude Include="engine\3d\particle\CombinedParticle.h">
      <Filter>engine\3d\particle</Filter>
    </ClInclude>
    <ClInclude Include="engine\3d\particle\CombinedParticleManager.h">
      <Filter>engine\3d\particle</Filter>
    </ClInclude>
    <ClInclude Include="engine\3d\particle\Particle.h">
      <Filter>engine\3d\particle</Filter>
    </ClInclude>
    <ClInclude Include="engine\3d\particle\ParticleManager.h">
      <Filter>engine\3d\particle</Filter>
    </ClInclude>
    <ClInclude Include="engine\3d\particle\ParticleTypes.h">
      <Filter>engine\3d\particle</Filter>
    </ClInclude>
    <ClInclude Include="engine\3d\object\AnimationModel.h">
      <Filter>engine\3d\object</Filter>
    </ClInclude>
    <ClInclude Include="engine\3d\object\Model.h">
      <Filter>engine\3d\object</Filter>
    </ClInclude>
    <ClInclude Include="engine\3d\object\ModelFormat.h">
      <Filter>engine\3d\object</Filter>
    </ClInclude>
    <ClInclude Include="engine\3d\object\ModelManager.h">
      <Filter>engine\3d\object</Filter>
    </ClInclude>
    <ClInclude Include="engine\3d\object\Object3d.h">
      <Filter>engine\3d\object</Filter>
    </ClInclude>
    <ClInclude Include="engine\3d\object\Object3dManager.h">
      <Filter>engine\3d\object</Filter>
    </ClInclude>
    <ClInclude Include="engine\3d\object\Shape.h">
      <Filter>engine\3d\object</Filter>
    </ClInclude>
    <ClInclude Include="engine\base\directx\D3DResourceLeakChecker.h">
      <Filter>engine\base\directx</Filter>
    </ClInclude>
    <ClInclude Include="engine\base\directx\DirectXCommon.h">
      <Filter>engine\base\directx</Filter>
    </ClInclude>
    <ClInclude Include="engine\base\framework\Framework.h">
      <Filter>engine\base\framework</Filter>
    </ClInclude>
    <ClInclude Include="engine\base\logger\Logger.h">
      <Filter>engine\base\logger</Filter>
    </ClInclude>
    <ClInclude Include="engine\base\myGame\MyGame.h">
      <Filter>engine\base\myGame</Filter>
    </ClInclude>
    <ClInclude Include="engine\base\windows\WinApp.h">
      <Filter>engine\base\windows</Filter>
    </ClInclude>
    <ClInclude Include="engine\base\view\DSVManager.h">
      <Filter>engine\base\view</Filter>
    </ClInclude>
    <ClInclude Include="engine\base\view\GPUDescriptorManager.h">
      <Filter>engine\base\view</Filter>
    </ClInclude>
    <ClInclude Include="engine\base\view\RTVManager.h">
      <Filter>engine\base\view</Filter>
    </ClInclude>
    <ClInclude Include="engine\base\texture\TextTextureManager.h">
      <Filter>engine\base\texture</Filter>
    </ClInclude>
    <ClInclude Include="engine\base\texture\TextTextureRender.h">
      <Filter>engine\base\texture</Filter>
    </ClInclude>
    <ClInclude Include="engine\base\texture\TextureManager.h">
      <Filter>engine\base\texture</Filter>
    </ClInclude>
    <ClInclude Include="engine\base\render\D2DRender.h">
      <Filter>engine\base\render</Filter>
    </ClInclude>
    <ClInclude Include="engine\base\render\MainRender.h">
      <Filter>engine\base\render</Filter>
    </ClInclude>
    <ClInclude Include="engine\base\postEffect\PostEffectManager.h">
      <Filter>engine\base\postEffect</Filter>
    </ClInclude>
    <ClInclude Include="engine\collision\interface\ICollider.h">
      <Filter>engine\collision\interface</Filter>
    </ClInclude>
    <ClInclude Include="engine\collision\manager\CollisionManager.h">
      <Filter>engine\collision\manager</Filter>
    </ClInclude>
    <ClInclude Include="engine\collision\base\AABBColliderBase.h">
      <Filter>engine\collision\base</Filter>
    </ClInclude>
    <ClInclude Include="engine\collision\base\SphereColliderBase.h">
      <Filter>engine\collision\base</Filter>
    </ClInclude>
    <ClInclude Include="engine\collision\base\OBBColliderBase.h">
      <Filter>engine\collision\base</Filter>
    </ClInclude>
    <ClInclude Include="application\object\level\collision\LevelObjectCollider.h">
      <Filter>application\object\level\collision</Filter>
    </ClInclude>
    <ClInclude Include="application\object\level\loader\LevelLoader.h">
      <Filter>application\object\level\loader</Filter>
    </ClInclude>
    <ClInclude Include="application\object\level\base\IBaseLevelObject.h">
      <Filter>application\object\level\base</Filter>
    </ClInclude>
    <ClInclude Include="application\system\direction\builder\CinematicBuilder.h">
      <Filter>application\system\direction\builder</Filter>
    </ClInclude>
    <ClInclude Include="application\system\direction\cinematic\Cinematic.h">
      <Filter>application\system\direction\cinematic</Filter>
    </ClInclude>
    <ClInclude Include="application\system\direction\shot\base\IShotBase.h">
      <Filter>application\system\direction\shot\base</Filter>
    </ClInclude>
    <ClInclude Include="engine\behaviorTree\decoratorNode\Inverter.h">
      <Filter>engine\behaviorTree\decoratorNode</Filter>
    </ClInclude>
    <ClInclude Include="engine\3d\ParticleTypes.h">
      <Filter>engine\3d\particle</Filter>
    </ClInclude>
    <ClInclude Include="engine\scene\SampleScene.h" />
  </ItemGroup>
  <ItemGroup>
    <None Include="Resources\shaders\line\Line.hlsli">
      <Filter>Resources\shaders\line</Filter>
    </None>
    <None Include="Resources\shaders\object\Object3d.hlsli">
      <Filter>Resources\shaders\object</Filter>
    </None>
    <None Include="Resources\shaders\object\Skybox.hlsli">
      <Filter>Resources\shaders\object</Filter>
    </None>
    <None Include="Resources\shaders\particle\ParticleCommon.hlsli">
      <Filter>Resources\shaders\particle</Filter>
    </None>
    <None Include="Resources\shaders\postEffects\CopyImage.hlsli">
      <Filter>Resources\shaders\postEffects</Filter>
    </None>
    <None Include="Resources\shaders\sprite\Sprite.hlsli">
      <Filter>Resources\shaders\sprite</Filter>
    </None>
    <None Include="Resources\shaders\trail\Trail.hlsli">
      <Filter>Resources\shaders\trail</Filter>
    </None>
    <None Include="Resources\shaders\util\ColorPackUtility.hlsli">
      <Filter>Resources\shaders\util</Filter>
    </None>
    <None Include="Resources\shaders\util\RandomUtility.hlsli">
      <Filter>Resources\shaders\util</Filter>
    </None>
    <None Include="Resources\shaders\textTexture\TextTexture.hlsli">
      <Filter>Resources\shaders\textTexture</Filter>
    </None>
  </ItemGroup>
  <ItemGroup>
    <Filter Include="engine">
      <UniqueIdentifier>{9d6f09e6-e7dd-4005-a8ac-4efa64e47188}</UniqueIdentifier>
    </Filter>
    <Filter Include="engine\3d">
      <UniqueIdentifier>{19002482-c196-4259-9107-7d8f5a07e802}</UniqueIdentifier>
    </Filter>
    <Filter Include="engine\audio">
      <UniqueIdentifier>{1454f29d-b4a3-461f-8447-2a4f25969f48}</UniqueIdentifier>
    </Filter>
    <Filter Include="engine\base">
      <UniqueIdentifier>{61c8dec8-1701-4467-a940-5c6707f4b9be}</UniqueIdentifier>
    </Filter>
    <Filter Include="engine\input">
      <UniqueIdentifier>{afa99c66-d007-4458-bf12-2d50c1e56ac4}</UniqueIdentifier>
    </Filter>
    <Filter Include="engine\math">
      <UniqueIdentifier>{cb7d7a59-4356-421e-a438-2031401a5153}</UniqueIdentifier>
    </Filter>
    <Filter Include="engine\scene">
      <UniqueIdentifier>{f2c20471-18e2-4023-9be1-80af460b9b06}</UniqueIdentifier>
    </Filter>
    <Filter Include="engine\scenebase">
      <UniqueIdentifier>{4af1c3a2-e07c-46a3-a103-7a9fdd748669}</UniqueIdentifier>
    </Filter>
    <Filter Include="application">
      <UniqueIdentifier>{93d161fd-f0ba-4b07-93c1-0aefe49e0ebc}</UniqueIdentifier>
    </Filter>
    <Filter Include="Resources">
      <UniqueIdentifier>{46f446da-03f2-4c22-92c2-223fbe108464}</UniqueIdentifier>
    </Filter>
    <Filter Include="application\object">
      <UniqueIdentifier>{f229dee2-7592-4f24-acaa-b78744a1c358}</UniqueIdentifier>
    </Filter>
    <Filter Include="application\system">
      <UniqueIdentifier>{0bd63947-ced1-420b-9780-a993c7a58349}</UniqueIdentifier>
    </Filter>
    <Filter Include="application\ui">
      <UniqueIdentifier>{7331b65f-958b-4190-b727-7ebe5982462d}</UniqueIdentifier>
    </Filter>
    <Filter Include="application\object\character">
      <UniqueIdentifier>{70e1dd80-65b2-4ebb-b6d9-b5f2b3a747b0}</UniqueIdentifier>
    </Filter>
    <Filter Include="application\object\environment">
      <UniqueIdentifier>{4f187a4e-2aa6-4a55-b3f7-400142b27319}</UniqueIdentifier>
    </Filter>
    <Filter Include="application\object\character\base">
      <UniqueIdentifier>{18c1c7d8-a72a-43c7-bae8-9dd18da9f9cb}</UniqueIdentifier>
    </Filter>
    <Filter Include="application\object\character\enemy">
      <UniqueIdentifier>{088d1bdb-6b98-4785-b5bb-30e71c337afd}</UniqueIdentifier>
    </Filter>
    <Filter Include="application\object\character\item">
      <UniqueIdentifier>{9d70eb4e-b3b7-4caa-86d9-7334e0d02c1d}</UniqueIdentifier>
    </Filter>
    <Filter Include="application\object\character\player">
      <UniqueIdentifier>{0b4a6673-5089-491a-ad62-e8e7d0667077}</UniqueIdentifier>
    </Filter>
    <Filter Include="application\object\character\weapon">
      <UniqueIdentifier>{0a0cd488-d71a-45eb-b450-466313667355}</UniqueIdentifier>
    </Filter>
    <Filter Include="application\object\character\enemy\jet">
      <UniqueIdentifier>{0e11aa2e-8bc1-4de6-928c-070079590998}</UniqueIdentifier>
    </Filter>
    <Filter Include="application\object\character\enemy\manager">
      <UniqueIdentifier>{bb965cae-645c-4f0b-a935-279d6418aa7b}</UniqueIdentifier>
    </Filter>
    <Filter Include="application\object\character\enemy\tank">
      <UniqueIdentifier>{dc1b587e-058b-4303-8b1d-10b7e0de5657}</UniqueIdentifier>
    </Filter>
    <Filter Include="application\object\character\enemy\jet\base">
      <UniqueIdentifier>{50de72aa-9bd6-4739-bb61-e2a3101a6f99}</UniqueIdentifier>
    </Filter>
    <Filter Include="application\object\character\enemy\jet\state">
      <UniqueIdentifier>{7880fce7-654b-4584-a0dc-96fff83c4db7}</UniqueIdentifier>
    </Filter>
    <Filter Include="application\object\character\enemy\tank\base">
      <UniqueIdentifier>{f90dc862-9cff-4fb7-85d0-52e1c7de7338}</UniqueIdentifier>
    </Filter>
    <Filter Include="application\object\character\enemy\tank\state">
      <UniqueIdentifier>{8f709f7d-23af-46e2-b0eb-4376044215cb}</UniqueIdentifier>
    </Filter>
    <Filter Include="application\object\character\item\manager">
      <UniqueIdentifier>{601a55a7-40a5-4c85-b8b7-cd8e7de4337b}</UniqueIdentifier>
    </Filter>
    <Filter Include="application\object\character\weapon\enemy">
      <UniqueIdentifier>{dadae2be-86e9-4d17-b937-25203a30d570}</UniqueIdentifier>
    </Filter>
    <Filter Include="application\object\character\weapon\player">
      <UniqueIdentifier>{8967f8ea-8e8a-468a-aca1-cf005baa4639}</UniqueIdentifier>
    </Filter>
    <Filter Include="application\object\character\weapon\enemy\manager">
      <UniqueIdentifier>{d5c4f497-cbc5-43a2-8d79-91c1da587645}</UniqueIdentifier>
    </Filter>
    <Filter Include="application\object\character\weapon\player\manager">
      <UniqueIdentifier>{324bca1a-84ac-4705-86cf-1d1586f995e9}</UniqueIdentifier>
    </Filter>
    <Filter Include="application\ui\enemy">
      <UniqueIdentifier>{7753c1f0-a195-4122-b004-e696557831fb}</UniqueIdentifier>
    </Filter>
    <Filter Include="application\ui\message">
      <UniqueIdentifier>{886be058-c13c-450a-a389-38cd6a62541c}</UniqueIdentifier>
    </Filter>
    <Filter Include="application\ui\player">
      <UniqueIdentifier>{ae775886-185c-43dd-91df-6ac5783efa23}</UniqueIdentifier>
    </Filter>
    <Filter Include="application\ui\enemy\detail">
      <UniqueIdentifier>{1260ebd3-2bf5-4dc8-b84e-b39b821c889e}</UniqueIdentifier>
    </Filter>
    <Filter Include="application\ui\player\detail">
      <UniqueIdentifier>{da84a946-c2ba-473e-8f89-928d9178610c}</UniqueIdentifier>
    </Filter>
    <Filter Include="engine\2d">
      <UniqueIdentifier>{bcdef9b3-4e60-4b40-a43f-cf745a656c77}</UniqueIdentifier>
    </Filter>
    <Filter Include="externals">
      <UniqueIdentifier>{306f66df-31b5-41b2-9284-6289267a14bf}</UniqueIdentifier>
    </Filter>
    <Filter Include="externals\imgui">
      <UniqueIdentifier>{e4be4d5f-d5b0-4de4-a378-4d2a37ca10a8}</UniqueIdentifier>
    </Filter>
    <Filter Include="engine\collision">
      <UniqueIdentifier>{c2224fc8-3814-4a07-a2db-08531d8f9991}</UniqueIdentifier>
    </Filter>
    <Filter Include="engine\util">
      <UniqueIdentifier>{bbdc4bec-74cd-4649-be4e-ea9f444c482c}</UniqueIdentifier>
    </Filter>
    <Filter Include="Resources\shaders">
      <UniqueIdentifier>{857ef62f-55d3-4328-aad2-a098493f166e}</UniqueIdentifier>
    </Filter>
    <Filter Include="Resources\shaders\object">
      <UniqueIdentifier>{b9f1ee60-5281-40eb-8450-81a2a7f6b6ba}</UniqueIdentifier>
    </Filter>
    <Filter Include="Resources\shaders\particle">
      <UniqueIdentifier>{f61dcaf6-3c74-4857-a6ea-a83a179c6216}</UniqueIdentifier>
    </Filter>
    <Filter Include="Resources\shaders\sprite">
      <UniqueIdentifier>{eb6b1629-fb8e-4ec4-8050-69bf4df638ca}</UniqueIdentifier>
    </Filter>
    <Filter Include="Resources\shaders\trail">
      <UniqueIdentifier>{e70eedb8-d0b6-46bd-875c-2a3ad0d5ad48}</UniqueIdentifier>
    </Filter>
    <Filter Include="Resources\shaders\line">
      <UniqueIdentifier>{7ff23bdf-fa94-45a4-b838-45f98c2f2c8b}</UniqueIdentifier>
    </Filter>
    <Filter Include="Resources\shaders\line\util">
      <UniqueIdentifier>{f8d0902c-be74-4686-b357-4afb9880b50c}</UniqueIdentifier>
    </Filter>
    <Filter Include="Resources\shaders\postEffects">
      <UniqueIdentifier>{ac033392-94a4-4763-94d8-532d918e6678}</UniqueIdentifier>
    </Filter>
    <Filter Include="Resources\shaders\util">
      <UniqueIdentifier>{d20ca32a-4a62-4048-9b14-84a8c8c6acb8}</UniqueIdentifier>
    </Filter>
    <Filter Include="application\scene">
      <UniqueIdentifier>{e02dbacf-5660-4d4f-a256-7b35be3057e4}</UniqueIdentifier>
    </Filter>
    <Filter Include="Resources\shaders\textTexture">
      <UniqueIdentifier>{f3ae9c70-1481-4b48-abba-f59e8fcde179}</UniqueIdentifier>
    </Filter>
    <Filter Include="engine\behaviorTree">
      <UniqueIdentifier>{44cabeb8-80c1-4270-9983-1c7ae3a59e9e}</UniqueIdentifier>
    </Filter>
    <Filter Include="engine\blackBoard">
      <UniqueIdentifier>{f8c6dfd2-4a55-4d75-a0a3-eb5ab5e28375}</UniqueIdentifier>
    </Filter>
    <Filter Include="engine\behaviorTree\branchNode">
      <UniqueIdentifier>{c36e8bba-5133-45be-8268-4d73606286c1}</UniqueIdentifier>
    </Filter>
    <Filter Include="engine\behaviorTree\compositeNode">
      <UniqueIdentifier>{9dc2e140-ef53-46a5-9717-dd8155d28323}</UniqueIdentifier>
    </Filter>
    <Filter Include="engine\behaviorTree\decoratorNode">
      <UniqueIdentifier>{84146b93-1da6-467f-bde1-337ecc9386b9}</UniqueIdentifier>
    </Filter>
    <Filter Include="engine\behaviorTree\interface">
      <UniqueIdentifier>{3ed9aba9-dd87-408c-b01b-790049be58cd}</UniqueIdentifier>
    </Filter>
    <Filter Include="engine\behaviorTree\leafNode">
      <UniqueIdentifier>{e58010fa-9be5-43d0-bcb1-0407a0798afd}</UniqueIdentifier>
    </Filter>
    <Filter Include="engine\behaviorTree\nodeBase">
      <UniqueIdentifier>{7835eaa0-7938-4907-a7d1-254eff71162c}</UniqueIdentifier>
    </Filter>
    <Filter Include="engine\3d\camera">
      <UniqueIdentifier>{b562207e-3220-4ffa-9874-34cf4c551dac}</UniqueIdentifier>
    </Filter>
    <Filter Include="engine\3d\direction">
      <UniqueIdentifier>{99ebb544-e868-45a7-902f-361f3270b06c}</UniqueIdentifier>
    </Filter>
    <Filter Include="engine\3d\light">
      <UniqueIdentifier>{d33cfc36-d52c-4c69-aff6-3fe90d3fcac0}</UniqueIdentifier>
    </Filter>
    <Filter Include="engine\3d\line">
      <UniqueIdentifier>{257ff3d3-4a74-4b69-820f-dc614a6034f5}</UniqueIdentifier>
    </Filter>
    <Filter Include="engine\3d\object">
      <UniqueIdentifier>{354ee608-0a45-4812-8f5b-a330820afb39}</UniqueIdentifier>
    </Filter>
    <Filter Include="engine\3d\particle">
      <UniqueIdentifier>{23575276-63d6-43b9-9607-0b3145eb0394}</UniqueIdentifier>
    </Filter>
    <Filter Include="engine\3d\worldTransform">
      <UniqueIdentifier>{0e2d56de-0d9d-487e-b9c3-da925ed1a059}</UniqueIdentifier>
    </Filter>
    <Filter Include="engine\base\directx">
      <UniqueIdentifier>{d04fc05d-ef6d-4777-a7fb-6e136c118bb4}</UniqueIdentifier>
    </Filter>
    <Filter Include="engine\base\framework">
      <UniqueIdentifier>{37ece9dc-c02e-4760-902c-a896c2e5e3cd}</UniqueIdentifier>
    </Filter>
    <Filter Include="engine\base\logger">
      <UniqueIdentifier>{48cf21f3-7ff9-4497-8a82-5f0832c954a0}</UniqueIdentifier>
    </Filter>
    <Filter Include="engine\base\myGame">
      <UniqueIdentifier>{6a8bb68a-7d08-418c-9de9-1980901481dd}</UniqueIdentifier>
    </Filter>
    <Filter Include="engine\base\postEffect">
      <UniqueIdentifier>{8c3652c6-ca6b-4d5e-9d2a-0bc2a384b9c5}</UniqueIdentifier>
    </Filter>
    <Filter Include="engine\base\render">
      <UniqueIdentifier>{b2720a28-a191-45a5-bb0f-ba19cb4b7619}</UniqueIdentifier>
    </Filter>
    <Filter Include="engine\base\texture">
      <UniqueIdentifier>{de79c026-3bf4-4cd4-b2d4-935bf12dd3f9}</UniqueIdentifier>
    </Filter>
    <Filter Include="engine\base\view">
      <UniqueIdentifier>{09217dea-7406-4ff1-a93c-0f0c8ffb52de}</UniqueIdentifier>
    </Filter>
    <Filter Include="engine\base\windows">
      <UniqueIdentifier>{3f0a04d3-703e-4560-ad69-1d35e1d7e5af}</UniqueIdentifier>
    </Filter>
    <Filter Include="engine\collision\base">
      <UniqueIdentifier>{3db4b239-8e26-4db1-9304-0b6f000a81fe}</UniqueIdentifier>
    </Filter>
    <Filter Include="engine\collision\interface">
      <UniqueIdentifier>{5d03be9d-99d1-4cab-8e56-5dcb344246be}</UniqueIdentifier>
    </Filter>
    <Filter Include="engine\collision\manager">
      <UniqueIdentifier>{9b76ba28-2cdd-4e0a-9827-38e7d7954f2a}</UniqueIdentifier>
    </Filter>
    <Filter Include="application\object\level">
      <UniqueIdentifier>{0f805d92-de37-47bd-b73d-20e46fca3532}</UniqueIdentifier>
    </Filter>
    <Filter Include="application\object\level\base">
      <UniqueIdentifier>{e9dd9e80-4e65-4e62-8ea3-ca2a6e9103fe}</UniqueIdentifier>
    </Filter>
    <Filter Include="application\object\level\bigTree">
      <UniqueIdentifier>{d97ffe50-81e2-4061-ab07-f278c791fe05}</UniqueIdentifier>
    </Filter>
    <Filter Include="application\object\level\collision">
      <UniqueIdentifier>{edc71cf8-ffef-4868-ba1c-afc09fac9b8b}</UniqueIdentifier>
    </Filter>
    <Filter Include="application\object\level\fence">
      <UniqueIdentifier>{ccbbc104-1b1e-49c2-a355-7746c91e101c}</UniqueIdentifier>
    </Filter>
    <Filter Include="application\object\level\loader">
      <UniqueIdentifier>{dc8b2583-2657-410c-a2ff-59a242743e7a}</UniqueIdentifier>
    </Filter>
    <Filter Include="application\object\level\rock">
      <UniqueIdentifier>{59e0efd7-f915-4415-8999-54ef1c195b76}</UniqueIdentifier>
    </Filter>
    <Filter Include="application\object\level\sealedBox">
      <UniqueIdentifier>{9fb56daf-7167-45eb-96b2-06d1e22b03b6}</UniqueIdentifier>
    </Filter>
    <Filter Include="application\object\level\tree">
      <UniqueIdentifier>{f9455a29-060c-4dd3-9f5c-0b1ccb5d3865}</UniqueIdentifier>
    </Filter>
    <Filter Include="application\object\character\enemy\boss">
      <UniqueIdentifier>{ee8873cd-54ea-45e0-9f44-4ba2211c548d}</UniqueIdentifier>
    </Filter>
    <Filter Include="application\object\character\enemy\boss\builder">
      <UniqueIdentifier>{1b81b4d0-8812-4aa9-96c4-90e9f1f8f066}</UniqueIdentifier>
    </Filter>
    <Filter Include="application\object\character\enemy\boss\collision">
      <UniqueIdentifier>{091c7451-6f01-4593-ae79-bc88cfabaf23}</UniqueIdentifier>
    </Filter>
    <Filter Include="application\object\character\enemy\boss\node">
      <UniqueIdentifier>{78d5e9cf-24f9-417a-ae21-00f0ec8cee5b}</UniqueIdentifier>
    </Filter>
    <Filter Include="application\object\character\enemy\boss\node\branch">
      <UniqueIdentifier>{a0715d27-f9d7-45fb-9993-071f26c0ab0c}</UniqueIdentifier>
    </Filter>
    <Filter Include="application\object\character\enemy\boss\node\decorator">
      <UniqueIdentifier>{bf3d386f-caac-42aa-a9f7-d6fc04fa6992}</UniqueIdentifier>
    </Filter>
    <Filter Include="application\object\character\enemy\boss\node\leaf">
      <UniqueIdentifier>{bfbedebf-0865-44f6-a869-f23d9ddcffd6}</UniqueIdentifier>
    </Filter>
    <Filter Include="application\object\character\enemy\jet\collision">
      <UniqueIdentifier>{c9751b87-ecb1-4bb2-8420-33d2b235486d}</UniqueIdentifier>
    </Filter>
    <Filter Include="application\object\character\enemy\tank\collision">
      <UniqueIdentifier>{c0ba609f-e65d-42f8-b4e3-c5cb21ee5b0a}</UniqueIdentifier>
    </Filter>
    <Filter Include="application\system\direction">
      <UniqueIdentifier>{ad818e92-bdc0-4cde-97eb-b8e89702aeda}</UniqueIdentifier>
    </Filter>
    <Filter Include="application\system\direction\builder">
      <UniqueIdentifier>{c05c3aa6-72d0-45ca-ad45-d8477ee132d9}</UniqueIdentifier>
    </Filter>
    <Filter Include="application\system\direction\cinematic">
      <UniqueIdentifier>{02b01596-458a-4416-860a-9378b0366698}</UniqueIdentifier>
    </Filter>
    <Filter Include="application\system\direction\shot">
      <UniqueIdentifier>{e394359e-aff1-427e-8f1e-b2dccde47e99}</UniqueIdentifier>
    </Filter>
    <Filter Include="application\system\direction\shot\base">
      <UniqueIdentifier>{c2a2d725-373b-4f32-86fc-9da59893dc74}</UniqueIdentifier>
    </Filter>
    <Filter Include="application\object\character\weapon\enemy\collision">
      <UniqueIdentifier>{6ae05f23-878f-4ae4-90c9-8948c84f16c6}</UniqueIdentifier>
    </Filter>
    <Filter Include="application\object\character\weapon\player\collision">
      <UniqueIdentifier>{58f346df-f8c0-46e8-ba91-721d4ebb5a23}</UniqueIdentifier>
    </Filter>
    <Filter Include="application\object\character\player\collision">
      <UniqueIdentifier>{17fd53ec-a9ac-44b3-9667-9e852c83d053}</UniqueIdentifier>
    </Filter>
    <Filter Include="application\object\character\item\charge">
      <UniqueIdentifier>{fef01c39-1e9a-47ae-a788-23ba94ecbac9}</UniqueIdentifier>
    </Filter>
    <Filter Include="application\object\character\item\heal">
      <UniqueIdentifier>{fffd2738-4321-4158-b7c9-7068c9e79f45}</UniqueIdentifier>
    </Filter>
    <Filter Include="application\object\character\item\key">
      <UniqueIdentifier>{4720b3ce-441a-42ab-b4f4-f7e0c777f52e}</UniqueIdentifier>
    </Filter>
    <Filter Include="application\object\character\item\charge\collision">
      <UniqueIdentifier>{ea6bf2a2-d3d6-4804-9ba9-1734d01c6be0}</UniqueIdentifier>
    </Filter>
    <Filter Include="application\object\character\item\heal\collision">
      <UniqueIdentifier>{1f400dc0-18c3-4298-9aaa-89760e5e0fd4}</UniqueIdentifier>
    </Filter>
    <Filter Include="application\object\character\item\key\collision">
      <UniqueIdentifier>{98837b9c-c892-4042-a9e4-7a545b58fbb8}</UniqueIdentifier>
    </Filter>
    <Filter Include="application\object\level\bigRock">
      <UniqueIdentifier>{3e68dc19-0ca8-48c2-8695-b3017c1f2cd6}</UniqueIdentifier>
    </Filter>
    <Filter Include="application\object\character\item\tutorialCollectible">
      <UniqueIdentifier>{5d129bbe-acea-4c6f-8f8d-2eecc36321a2}</UniqueIdentifier>
    </Filter>
    <Filter Include="application\object\character\item\tutorialCollectible\collision">
      <UniqueIdentifier>{ffaddbd1-77f0-4822-a84b-c5fb72056a83}</UniqueIdentifier>
    </Filter>
  </ItemGroup>
  <ItemGroup>
    <Text Include="externals\imgui\LICENSE.txt">
      <Filter>externals\imgui</Filter>
    </Text>
  </ItemGroup>
</Project>